
Microsoft Visual Studio Solution File, Format Version 11.00
# Visual Studio 2010
Project("{FAE04EC0-301F-11D3-BF4B-00C04F79EFBC}") = "TaxCalculator", "TaxCalculator\TaxCalculator.csproj", "{0ED78D64-23F3-4EC9-880A-014483DCB64E}"
EndProject
Project("{FAE04EC0-301F-11D3-BF4B-00C04F79EFBC}") = "TaxCalculator.Tests", "TaxCalculator.Tests\TaxCalculator.Tests.csproj", "{31AC92B8-8A90-4A1D-B218-E0C94D8ACBCD}"
EndProject
Project("{FAE04EC0-301F-11D3-BF4B-00C04F79EFBC}") = "TaxCalculator.IoC", "TaxCalculator.IoC\TaxCalculator.IoC.csproj", "{EBB7E60C-BE0E-426C-B5D3-1C180DFA48C8}"
EndProject
Project("{FAE04EC0-301F-11D3-BF4B-00C04F79EFBC}") = "TaxCalculator.Common", "TaxCalculator.Common\TaxCalculator.Common.csproj", "{C019F7BE-3D94-419D-A641-0488412E9DD7}"
EndProject
Global
	GlobalSection(SolutionConfigurationPlatforms) = preSolution
		Debug|Any CPU = Debug|Any CPU
		Release|Any CPU = Release|Any CPU
	EndGlobalSection
	GlobalSection(ProjectConfigurationPlatforms) = postSolution
		{0ED78D64-23F3-4EC9-880A-014483DCB64E}.Debug|Any CPU.ActiveCfg = Debug|Any CPU
		{0ED78D64-23F3-4EC9-880A-014483DCB64E}.Debug|Any CPU.Build.0 = Debug|Any CPU
		{0ED78D64-23F3-4EC9-880A-014483DCB64E}.Release|Any CPU.ActiveCfg = Release|Any CPU
		{0ED78D64-23F3-4EC9-880A-014483DCB64E}.Release|Any CPU.Build.0 = Release|Any CPU
		{31AC92B8-8A90-4A1D-B218-E0C94D8ACBCD}.Debug|Any CPU.ActiveCfg = Debug|Any CPU
		{31AC92B8-8A90-4A1D-B218-E0C94D8ACBCD}.Debug|Any CPU.Build.0 = Debug|Any CPU
		{31AC92B8-8A90-4A1D-B218-E0C94D8ACBCD}.Release|Any CPU.ActiveCfg = Release|Any CPU
		{31AC92B8-8A90-4A1D-B218-E0C94D8ACBCD}.Release|Any CPU.Build.0 = Release|Any CPU
		{EBB7E60C-BE0E-426C-B5D3-1C180DFA48C8}.Debug|Any CPU.ActiveCfg = Debug|Any CPU
		{EBB7E60C-BE0E-426C-B5D3-1C180DFA48C8}.Debug|Any CPU.Build.0 = Debug|Any CPU
		{EBB7E60C-BE0E-426C-B5D3-1C180DFA48C8}.Release|Any CPU.ActiveCfg = Release|Any CPU
		{EBB7E60C-BE0E-426C-B5D3-1C180DFA48C8}.Release|Any CPU.Build.0 = Release|Any CPU
		{C019F7BE-3D94-419D-A641-0488412E9DD7}.Debug|Any CPU.ActiveCfg = Debug|Any CPU
		{C019F7BE-3D94-419D-A641-0488412E9DD7}.Debug|Any CPU.Build.0 = Debug|Any CPU
		{C019F7BE-3D94-419D-A641-0488412E9DD7}.Release|Any CPU.ActiveCfg = Release|Any CPU
		{C019F7BE-3D94-419D-A641-0488412E9DD7}.Release|Any CPU.Build.0 = Release|Any CPU
	EndGlobalSection
	GlobalSection(SolutionProperties) = preSolution
		HideSolutionNode = FALSE
	EndGlobalSection
EndGlobal
